# This file is automatically @generated by Poetry 1.4.1 and should not be changed by hand.

[[package]]
name = "tarsafe"
version = "0.0.5"
description = "A safe subclass of the TarFile class for interacting with tar files. Can be used as a direct drop-in replacement for safe usage of extractall()"
category = "main"
optional = false
python-versions = ">=3.6"
files = [
    {file = "tarsafe-0.0.5-py3-none-any.whl", hash = "sha256:1a6aa8255c181d6070db3b083f6d969602c6306ba3dc7c836a288cc26a5c5bff"},
    {file = "tarsafe-0.0.5.tar.gz", hash = "sha256:cbdffc260d8a33f0e35ed7b70b2e2f56ad40e77019e5384bbe1cfc1ccccac79a"},
]

[metadata]
lock-version = "2.0"
python-versions = "^3.10"
content-hash = "c943d251003e7300d05abc7b433656f8fce30156f621d64b38049ccafa4a19a9"
